
Microsoft Visual Studio Solution File, Format Version 12.00
# Visual Studio Version 17
VisualStudioVersion = 17.1.32407.343
MinimumVisualStudioVersion = 10.0.40219.1
Project("{FAE04EC0-301F-11D3-BF4B-00C04F79EFBC}") = "Calculator_cs", "Calculator_cs\Calculator_cs.csproj", "{428D1A19-647C-4848-BC82-E254A15AEB56}"
EndProject
Global
	GlobalSection(SolutionConfigurationPlatforms) = preSolution
		Debug|Any CPU = Debug|Any CPU
		Release|Any CPU = Release|Any CPU
	EndGlobalSection
	GlobalSection(ProjectConfigurationPlatforms) = postSolution
		{428D1A19-647C-4848-BC82-E254A15AEB56}.Debug|Any CPU.ActiveCfg = Debug|Any CPU
		{428D1A19-647C-4848-BC82-E254A15AEB56}.Debug|Any CPU.Build.0 = Debug|Any CPU
		{428D1A19-647C-4848-BC82-E254A15AEB56}.Release|Any CPU.ActiveCfg = Release|Any CPU
		{428D1A19-647C-4848-BC82-E254A15AEB56}.Release|Any CPU.Build.0 = Release|Any CPU
	EndGlobalSection
	GlobalSection(SolutionProperties) = preSolution
		HideSolutionNode = FALSE
	EndGlobalSection
	GlobalSection(ExtensibilityGlobals) = postSolution
		SolutionGuid = {DF0FD6EA-F740-48EF-9888-E9538B078960}
	EndGlobalSection
EndGlobal
